
Microsoft Visual Studio Solution File, Format Version 12.00
# Visual Studio Version 17
VisualStudioVersion = 17.8.34525.116
MinimumVisualStudioVersion = 10.0.40219.1
Project("{9A19103F-16F7-4668-BE54-9A1E7A4F7556}") = "Mediag", "Mediag\Mediag.csproj", "{AE08E377-394B-4C31-9973-51C490BEC1BA}"
EndProject
Project("{9A19103F-16F7-4668-BE54-9A1E7A4F7556}") = "DiagnosticDecision", "DiagnosticDecision\DiagnosticDecision.csproj", "{D44AC8BA-AB97-468C-96DA-7E3912BF950B}"
EndProject
Global
	GlobalSection(SolutionConfigurationPlatforms) = preSolution
		Debug|Any CPU = Debug|Any CPU
		Release|Any CPU = Release|Any CPU
	EndGlobalSection
	GlobalSection(ProjectConfigurationPlatforms) = postSolution
		{AE08E377-394B-4C31-9973-51C490BEC1BA}.Debug|Any CPU.ActiveCfg = Debug|Any CPU
		{AE08E377-394B-4C31-9973-51C490BEC1BA}.Debug|Any CPU.Build.0 = Debug|Any CPU
		{AE08E377-394B-4C31-9973-51C490BEC1BA}.Release|Any CPU.ActiveCfg = Release|Any CPU
		{AE08E377-394B-4C31-9973-51C490BEC1BA}.Release|Any CPU.Build.0 = Release|Any CPU
		{D44AC8BA-AB97-468C-96DA-7E3912BF950B}.Debug|Any CPU.ActiveCfg = Debug|Any CPU
		{D44AC8BA-AB97-468C-96DA-7E3912BF950B}.Debug|Any CPU.Build.0 = Debug|Any CPU
		{D44AC8BA-AB97-468C-96DA-7E3912BF950B}.Release|Any CPU.ActiveCfg = Release|Any CPU
		{D44AC8BA-AB97-468C-96DA-7E3912BF950B}.Release|Any CPU.Build.0 = Release|Any CPU
	EndGlobalSection
	GlobalSection(SolutionProperties) = preSolution
		HideSolutionNode = FALSE
	EndGlobalSection
	GlobalSection(ExtensibilityGlobals) = postSolution
		SolutionGuid = {D5C93F09-0640-40F8-8313-445B02E59AA7}
	EndGlobalSection
EndGlobal
